
Microsoft Visual Studio Solution File, Format Version 12.00
# Visual Studio 15
VisualStudioVersion = 15.0.28307.1145
MinimumVisualStudioVersion = 10.0.40219.1
Project("{FAE04EC0-301F-11D3-BF4B-00C04F79EFBC}") = "ChatApplicationWithRegistration", "ChatApplicationWithRegistration\ChatApplicationWithRegistration.csproj", "{3D9DEDE1-A4AF-43F4-BE6D-D9375B1A7221}"
EndProject
Global
	GlobalSection(SolutionConfigurationPlatforms) = preSolution
		Debug|Any CPU = Debug|Any CPU
		Release|Any CPU = Release|Any CPU
	EndGlobalSection
	GlobalSection(ProjectConfigurationPlatforms) = postSolution
		{3D9DEDE1-A4AF-43F4-BE6D-D9375B1A7221}.Debug|Any CPU.ActiveCfg = Debug|Any CPU
		{3D9DEDE1-A4AF-43F4-BE6D-D9375B1A7221}.Debug|Any CPU.Build.0 = Debug|Any CPU
		{3D9DEDE1-A4AF-43F4-BE6D-D9375B1A7221}.Release|Any CPU.ActiveCfg = Release|Any CPU
		{3D9DEDE1-A4AF-43F4-BE6D-D9375B1A7221}.Release|Any CPU.Build.0 = Release|Any CPU
	EndGlobalSection
	GlobalSection(SolutionProperties) = preSolution
		HideSolutionNode = FALSE
	EndGlobalSection
	GlobalSection(ExtensibilityGlobals) = postSolution
		SolutionGuid = {5E70806B-D8B9-41F9-8977-B2564210F6F9}
	EndGlobalSection
EndGlobal
